<?xml version="1.0" encoding="utf-8"?>
<Project ToolsVersion="17.0" xmlns="http://schemas.microsoft.com/developer/msbuild/2003">
  <ItemGroup>
    <ClCompile Include="C:\Users\22466273\OneDrive - MMU\Documents\GitHub\Computer-Graphics-Labs\Lab08_Lighting\Lab08_Lighting.cpp">
      <Filter>Source Files</Filter>
    </ClCompile>
    <ClCompile Include="C:\Users\22466273\OneDrive - MMU\Documents\GitHub\Computer-Graphics-Labs\common\maths.cpp">
      <Filter>Source Files</Filter>
    </ClCompile>
    <ClCompile Include="C:\Users\22466273\OneDrive - MMU\Documents\GitHub\Computer-Graphics-Labs\common\camera.cpp">
      <Filter>Source Files</Filter>
    </ClCompile>
    <ClCompile Include="C:\Users\22466273\OneDrive - MMU\Documents\GitHub\Computer-Graphics-Labs\common\model.cpp">
      <Filter>Source Files</Filter>
    </ClCompile>
  </ItemGroup>
  <ItemGroup>
    <ClInclude Include="C:\Users\22466273\OneDrive - MMU\Documents\GitHub\Computer-Graphics-Labs\common\shader.hpp">
      <Filter>Header Files</Filter>
    </ClInclude>
    <ClInclude Include="C:\Users\22466273\OneDrive - MMU\Documents\GitHub\Computer-Graphics-Labs\common\texture.hpp">
      <Filter>Header Files</Filter>
    </ClInclude>
    <ClInclude Include="C:\Users\22466273\OneDrive - MMU\Documents\GitHub\Computer-Graphics-Labs\common\stb_image.hpp">
      <Filter>Header Files</Filter>
    </ClInclude>
    <ClInclude Include="C:\Users\22466273\OneDrive - MMU\Documents\GitHub\Computer-Graphics-Labs\common\maths.hpp">
      <Filter>Header Files</Filter>
    </ClInclude>
    <ClInclude Include="C:\Users\22466273\OneDrive - MMU\Documents\GitHub\Computer-Graphics-Labs\common\camera.hpp">
      <Filter>Header Files</Filter>
    </ClInclude>
    <ClInclude Include="C:\Users\22466273\OneDrive - MMU\Documents\GitHub\Computer-Graphics-Labs\common\model.hpp">
      <Filter>Header Files</Filter>
    </ClInclude>
  </ItemGroup>
  <ItemGroup>
    <CustomBuild Include="C:\Users\22466273\OneDrive - MMU\Documents\GitHub\Computer-Graphics-Labs\CMakeLists.txt" />
  </ItemGroup>
  <ItemGroup>
    <None Include="C:\Users\22466273\OneDrive - MMU\Documents\GitHub\Computer-Graphics-Labs\Lab08_Lighting\vertexShader.glsl" />
    <None Include="C:\Users\22466273\OneDrive - MMU\Documents\GitHub\Computer-Graphics-Labs\Lab08_Lighting\fragmentShader.glsl" />
    <None Include="C:\Users\22466273\OneDrive - MMU\Documents\GitHub\Computer-Graphics-Labs\Lab08_Lighting\lightVertexShader.glsl" />
    <None Include="C:\Users\22466273\OneDrive - MMU\Documents\GitHub\Computer-Graphics-Labs\Lab08_Lighting\lightFragmentShader.glsl" />
    <None Include="C:\Users\22466273\OneDrive - MMU\Documents\GitHub\Computer-Graphics-Labs\Lab08_Lighting\multipleLightsFragmentShader.glsl" />
  </ItemGroup>
  <ItemGroup>
    <Filter Include="Header Files">
      <UniqueIdentifier>{D16F3FE9-71A0-31AA-BEB3-A1BBFEAE0414}</UniqueIdentifier>
    </Filter>
    <Filter Include="Source Files">
      <UniqueIdentifier>{7F04FA20-D2F8-32AE-A0FF-2E88695E8508}</UniqueIdentifier>
    </Filter>
  </ItemGroup>
</Project>
